
Microsoft Visual Studio Solution File, Format Version 12.00
# Visual Studio Version 16
VisualStudioVersion = 16.0.31702.278
MinimumVisualStudioVersion = 10.0.40219.1
Project("{2150E333-8FDC-42A3-9474-1A3956D46DE8}") = "src", "src", "{B110696A-9530-4587-A243-AE9ACEE2E436}"
EndProject
Project("{2150E333-8FDC-42A3-9474-1A3956D46DE8}") = "Services", "Services", "{BC321147-22F8-40E8-B030-6C2FE116B9E8}"
EndProject
Project("{2150E333-8FDC-42A3-9474-1A3956D46DE8}") = "Vitrine", "Vitrine", "{056D3028-9253-4616-B923-E754F2DFCE25}"
EndProject
Project("{9A19103F-16F7-4668-BE54-9A1E7A4F7556}") = "WM.Vitrine.API", "src\services\WM.Vitrine.API\WM.Vitrine.API.csproj", "{45EF27CF-BCBF-43D5-911F-A6A1A363C945}"
EndProject
Project("{2150E333-8FDC-42A3-9474-1A3956D46DE8}") = "Web", "Web", "{7CFDA1B7-30CF-4777-9F43-4D396B08A49F}"
EndProject
Project("{2150E333-8FDC-42A3-9474-1A3956D46DE8}") = "MVC", "MVC", "{BCF59EF9-8D7B-4743-A479-DF9A4732D89F}"
EndProject
Project("{9A19103F-16F7-4668-BE54-9A1E7A4F7556}") = "WM.WebApp.MVC", "src\web\WM.WebApp.MVC\WM.WebApp.MVC.csproj", "{17DEC6B9-BF03-4B64-8B1A-3F6E1D7B858C}"
EndProject
Project("{2150E333-8FDC-42A3-9474-1A3956D46DE8}") = "Building Blocks", "Building Blocks", "{F6C79EE5-421F-444F-8728-059FEA24C261}"
EndProject
Project("{2150E333-8FDC-42A3-9474-1A3956D46DE8}") = "Services", "Services", "{373FF57A-1C77-448C-B557-5FC97CD85D7B}"
EndProject
Project("{9A19103F-16F7-4668-BE54-9A1E7A4F7556}") = "WM.WebAPI.Core", "src\building blocks\WM.WebAPI.Core\WM.WebAPI.Core.csproj", "{C643670B-1838-464C-8082-921AF2518A06}"
EndProject
Global
	GlobalSection(SolutionConfigurationPlatforms) = preSolution
		Debug|Any CPU = Debug|Any CPU
		Release|Any CPU = Release|Any CPU
	EndGlobalSection
	GlobalSection(ProjectConfigurationPlatforms) = postSolution
		{45EF27CF-BCBF-43D5-911F-A6A1A363C945}.Debug|Any CPU.ActiveCfg = Debug|Any CPU
		{45EF27CF-BCBF-43D5-911F-A6A1A363C945}.Debug|Any CPU.Build.0 = Debug|Any CPU
		{45EF27CF-BCBF-43D5-911F-A6A1A363C945}.Release|Any CPU.ActiveCfg = Release|Any CPU
		{45EF27CF-BCBF-43D5-911F-A6A1A363C945}.Release|Any CPU.Build.0 = Release|Any CPU
		{17DEC6B9-BF03-4B64-8B1A-3F6E1D7B858C}.Debug|Any CPU.ActiveCfg = Debug|Any CPU
		{17DEC6B9-BF03-4B64-8B1A-3F6E1D7B858C}.Debug|Any CPU.Build.0 = Debug|Any CPU
		{17DEC6B9-BF03-4B64-8B1A-3F6E1D7B858C}.Release|Any CPU.ActiveCfg = Release|Any CPU
		{17DEC6B9-BF03-4B64-8B1A-3F6E1D7B858C}.Release|Any CPU.Build.0 = Release|Any CPU
		{C643670B-1838-464C-8082-921AF2518A06}.Debug|Any CPU.ActiveCfg = Debug|Any CPU
		{C643670B-1838-464C-8082-921AF2518A06}.Debug|Any CPU.Build.0 = Debug|Any CPU
		{C643670B-1838-464C-8082-921AF2518A06}.Release|Any CPU.ActiveCfg = Release|Any CPU
		{C643670B-1838-464C-8082-921AF2518A06}.Release|Any CPU.Build.0 = Release|Any CPU
	EndGlobalSection
	GlobalSection(SolutionProperties) = preSolution
		HideSolutionNode = FALSE
	EndGlobalSection
	GlobalSection(NestedProjects) = preSolution
		{BC321147-22F8-40E8-B030-6C2FE116B9E8} = {B110696A-9530-4587-A243-AE9ACEE2E436}
		{056D3028-9253-4616-B923-E754F2DFCE25} = {BC321147-22F8-40E8-B030-6C2FE116B9E8}
		{45EF27CF-BCBF-43D5-911F-A6A1A363C945} = {056D3028-9253-4616-B923-E754F2DFCE25}
		{7CFDA1B7-30CF-4777-9F43-4D396B08A49F} = {B110696A-9530-4587-A243-AE9ACEE2E436}
		{BCF59EF9-8D7B-4743-A479-DF9A4732D89F} = {7CFDA1B7-30CF-4777-9F43-4D396B08A49F}
		{17DEC6B9-BF03-4B64-8B1A-3F6E1D7B858C} = {BCF59EF9-8D7B-4743-A479-DF9A4732D89F}
		{F6C79EE5-421F-444F-8728-059FEA24C261} = {B110696A-9530-4587-A243-AE9ACEE2E436}
		{373FF57A-1C77-448C-B557-5FC97CD85D7B} = {F6C79EE5-421F-444F-8728-059FEA24C261}
		{C643670B-1838-464C-8082-921AF2518A06} = {373FF57A-1C77-448C-B557-5FC97CD85D7B}
	EndGlobalSection
	GlobalSection(ExtensibilityGlobals) = postSolution
		SolutionGuid = {DF96A1E2-1622-4B89-8F1B-5FB6A95E426D}
	EndGlobalSection
EndGlobal
